// !$*UTF8*$!
{
	archiveVersion = 1;
	classes = {
	};
	objectVersion = 77;
	objects = {

/* Begin PBXContainerItemProxy section */
		75490A042E2FE0AF003B8805 /* PBXContainerItemProxy */ = {
			isa = PBXContainerItemProxy;
			containerPortal = 754909EC2E2FE0AD003B8805 /* Project object */;
			proxyType = 1;
			remoteGlobalIDString = 754909F32E2FE0AD003B8805;
			remoteInfo = AIMBTI;
		};
		75490A0E2E2FE0AF003B8805 /* PBXContainerItemProxy */ = {
			isa = PBXContainerItemProxy;
			containerPortal = 754909EC2E2FE0AD003B8805 /* Project object */;
			proxyType = 1;
			remoteGlobalIDString = 754909F32E2FE0AD003B8805;
			remoteInfo = AIMBTI;
		};
/* End PBXContainerItemProxy section */

/* Begin PBXFileReference section */
		754909F42E2FE0AD003B8805 /* AIMBTI.app */ = {isa = PBXFileReference; explicitFileType = wrapper.application; includeInIndex = 0; path = AIMBTI.app; sourceTree = BUILT_PRODUCTS_DIR; };
		75490A032E2FE0AF003B8805 /* AIMBTITests.xctest */ = {isa = PBXFileReference; explicitFileType = wrapper.cfbundle; includeInIndex = 0; path = AIMBTITests.xctest; sourceTree = BUILT_PRODUCTS_DIR; };
		75490A0D2E2FE0AF003B8805 /* AIMBTIUITests.xctest */ = {isa = PBXFileReference; explicitFileType = wrapper.cfbundle; includeInIndex = 0; path = AIMBTIUITests.xctest; sourceTree = BUILT_PRODUCTS_DIR; };
/* End PBXFileReference section */

/* Begin PBXFileSystemSynchronizedRootGroup section */
		754909F62E2FE0AD003B8805 /* AIMBTI */ = {
			isa = PBXFileSystemSynchronizedRootGroup;
			path = AIMBTI;
			sourceTree = "<group>";
		};
		75490A062E2FE0AF003B8805 /* AIMBTITests */ = {
			isa = PBXFileSystemSynchronizedRootGroup;
			path = AIMBTITests;
			sourceTree = "<group>";
		};
		75490A102E2FE0AF003B8805 /* AIMBTIUITests */ = {
			isa = PBXFileSystemSynchronizedRootGroup;
			path = AIMBTIUITests;
			sourceTree = "<group>";
		};
/* End PBXFileSystemSynchronizedRootGroup section */

/* Begin PBXFrameworksBuildPhase section */
		754909F12E2FE0AD003B8805 /* Frameworks */ = {
			isa = PBXFrameworksBuildPhase;
			buildActionMask = 2147483647;
			files = (
			);
			runOnlyForDeploymentPostprocessing = 0;
		};
		75490A002E2FE0AF003B8805 /* Frameworks */ = {
			isa = PBXFrameworksBuildPhase;
			buildActionMask = 2147483647;
			files = (
			);
			runOnlyForDeploymentPostprocessing = 0;
		};
		75490A0A2E2FE0AF003B8805 /* Frameworks */ = {
			isa = PBXFrameworksBuildPhase;
			buildActionMask = 2147483647;
			files = (
			);
			runOnlyForDeploymentPostprocessing = 0;
		};
/* End PBXFrameworksBuildPhase section */

/* Begin PBXGroup section */
		754909EB2E2FE0AD003B8805 = {
			isa = PBXGroup;
			children = (
				754909F62E2FE0AD003B8805 /* AIMBTI */,
				75490A062E2FE0AF003B8805 /* AIMBTITests */,
				75490A102E2FE0AF003B8805 /* AIMBTIUITests */,
				754909F52E2FE0AD003B8805 /* Products */,
			);
			sourceTree = "<group>";
		};
		754909F52E2FE0AD003B8805 /* Products */ = {
			isa = PBXGroup;
			children = (
				754909F42E2FE0AD003B8805 /* AIMBTI.app */,
				75490A032E2FE0AF003B8805 /* AIMBTITests.xctest */,
				75490A0D2E2FE0AF003B8805 /* AIMBTIUITests.xctest */,
			);
			name = Products;
			sourceTree = "<group>";
		};
/* End PBXGroup section */

/* Begin PBXNativeTarget section */
		754909F32E2FE0AD003B8805 /* AIMBTI */ = {
			isa = PBXNativeTarget;
			buildConfigurationList = 75490A172E2FE0AF003B8805 /* Build configuration list for PBXNativeTarget "AIMBTI" */;
			buildPhases = (
				754909F02E2FE0AD003B8805 /* Sources */,
				754909F12E2FE0AD003B8805 /* Frameworks */,
				754909F22E2FE0AD003B8805 /* Resources */,
			);
			buildRules = (
			);
			dependencies = (
			);
			fileSystemSynchronizedGroups = (
				754909F62E2FE0AD003B8805 /* AIMBTI */,
			);
			name = AIMBTI;
			packageProductDependencies = (
			);
			productName = AIMBTI;
			productReference = 754909F42E2FE0AD003B8805 /* AIMBTI.app */;
			productType = "com.apple.product-type.application";
		};
		75490A022E2FE0AF003B8805 /* AIMBTITests */ = {
			isa = PBXNativeTarget;
			buildConfigurationList = 75490A1A2E2FE0AF003B8805 /* Build configuration list for PBXNativeTarget "AIMBTITests" */;
			buildPhases = (
				754909FF2E2FE0AF003B8805 /* Sources */,
				75490A002E2FE0AF003B8805 /* Frameworks */,
				75490A012E2FE0AF003B8805 /* Resources */,
			);
			buildRules = (
			);
			dependencies = (
				75490A052E2FE0AF003B8805 /* PBXTargetDependency */,
			);
			fileSystemSynchronizedGroups = (
				75490A062E2FE0AF003B8805 /* AIMBTITests */,
			);
			name = AIMBTITests;
			packageProductDependencies = (
			);
			productName = AIMBTITests;
			productReference = 75490A032E2FE0AF003B8805 /* AIMBTITests.xctest */;
			productType = "com.apple.product-type.bundle.unit-test";
		};
		75490A0C2E2FE0AF003B8805 /* AIMBTIUITests */ = {
			isa = PBXNativeTarget;
			buildConfigurationList = 75490A1D2E2FE0AF003B8805 /* Build configuration list for PBXNativeTarget "AIMBTIUITests" */;
			buildPhases = (
				75490A092E2FE0AF003B8805 /* Sources */,
				75490A0A2E2FE0AF003B8805 /* Frameworks */,
				75490A0B2E2FE0AF003B8805 /* Resources */,
			);
			buildRules = (
			);
			dependencies = (
				75490A0F2E2FE0AF003B8805 /* PBXTargetDependency */,
			);
			fileSystemSynchronizedGroups = (
				75490A102E2FE0AF003B8805 /* AIMBTIUITests */,
			);
			name = AIMBTIUITests;
			packageProductDependencies = (
			);
			productName = AIMBTIUITests;
			productReference = 75490A0D2E2FE0AF003B8805 /* AIMBTIUITests.xctest */;
			productType = "com.apple.product-type.bundle.ui-testing";
		};
/* End PBXNativeTarget section */

/* Begin PBXProject section */
		754909EC2E2FE0AD003B8805 /* Project object */ = {
			isa = PBXProject;
			attributes = {
				BuildIndependentTargetsInParallel = 1;
				LastSwiftUpdateCheck = 1640;
				LastUpgradeCheck = 1640;
				TargetAttributes = {
					754909F32E2FE0AD003B8805 = {
						CreatedOnToolsVersion = 16.4;
					};
					75490A022E2FE0AF003B8805 = {
						CreatedOnToolsVersion = 16.4;
						TestTargetID = 754909F32E2FE0AD003B8805;
					};
					75490A0C2E2FE0AF003B8805 = {
						CreatedOnToolsVersion = 16.4;
						TestTargetID = 754909F32E2FE0AD003B8805;
					};
				};
			};
			buildConfigurationList = 754909EF2E2FE0AD003B8805 /* Build configuration list for PBXProject "AIMBTI" */;
			developmentRegion = en;
			hasScannedForEncodings = 0;
			knownRegions = (
				en,
				Base,
			);
			mainGroup = 754909EB2E2FE0AD003B8805;
			minimizedProjectReferenceProxies = 1;
			preferredProjectObjectVersion = 77;
			productRefGroup = 754909F52E2FE0AD003B8805 /* Products */;
			projectDirPath = "";
			projectRoot = "";
			targets = (
				754909F32E2FE0AD003B8805 /* AIMBTI */,
				75490A022E2FE0AF003B8805 /* AIMBTITests */,
				75490A0C2E2FE0AF003B8805 /* AIMBTIUITests */,
			);
		};
/* End PBXProject section */

/* Begin PBXResourcesBuildPhase section */
		754909F22E2FE0AD003B8805 /* Resources */ = {
			isa = PBXResourcesBuildPhase;
			buildActionMask = 2147483647;
			files = (
			);
			runOnlyForDeploymentPostprocessing = 0;
		};
		75490A012E2FE0AF003B8805 /* Resources */ = {
			isa = PBXResourcesBuildPhase;
			buildActionMask = 2147483647;
			files = (
			);
			runOnlyForDeploymentPostprocessing = 0;
		};
		75490A0B2E2FE0AF003B8805 /* Resources */ = {
			isa = PBXResourcesBuildPhase;
			buildActionMask = 2147483647;
			files = (
			);
			runOnlyForDeploymentPostprocessing = 0;
		};
/* End PBXResourcesBuildPhase section */

/* Begin PBXSourcesBuildPhase section */
		754909F02E2FE0AD003B8805 /* Sources */ = {
			isa = PBXSourcesBuildPhase;
			buildActionMask = 2147483647;
			files = (
			);
			runOnlyForDeploymentPostprocessing = 0;
		};
		754909FF2E2FE0AF003B8805 /* Sources */ = {
			isa = PBXSourcesBuildPhase;
			buildActionMask = 2147483647;
			files = (
			);
			runOnlyForDeploymentPostprocessing = 0;
		};
		75490A092E2FE0AF003B8805 /* Sources */ = {
			isa = PBXSourcesBuildPhase;
			buildActionMask = 2147483647;
			files = (
			);
			runOnlyForDeploymentPostprocessing = 0;
		};
/* End PBXSourcesBuildPhase section */

/* Begin PBXTargetDependency section */
		75490A052E2FE0AF003B8805 /* PBXTargetDependency */ = {
			isa = PBXTargetDependency;
			target = 754909F32E2FE0AD003B8805 /* AIMBTI */;
			targetProxy = 75490A042E2FE0AF003B8805 /* PBXContainerItemProxy */;
		};
		75490A0F2E2FE0AF003B8805 /* PBXTargetDependency */ = {
			isa = PBXTargetDependency;
			target = 754909F32E2FE0AD003B8805 /* AIMBTI */;
			targetProxy = 75490A0E2E2FE0AF003B8805 /* PBXContainerItemProxy */;
		};
/* End PBXTargetDependency section */

/* Begin XCBuildConfiguration section */
		75490A152E2FE0AF003B8805 /* Debug */ = {
			isa = XCBuildConfiguration;
			buildSettings = {
				ALWAYS_SEARCH_USER_PATHS = NO;
				ASSETCATALOG_COMPILER_GENERATE_SWIFT_ASSET_SYMBOL_EXTENSIONS = YES;
				CLANG_ANALYZER_NONNULL = YES;
				CLANG_ANALYZER_NUMBER_OBJECT_CONVERSION = YES_AGGRESSIVE;
				CLANG_CXX_LANGUAGE_STANDARD = "gnu++20";
				CLANG_ENABLE_MODULES = YES;
				CLANG_ENABLE_OBJC_ARC = YES;
				CLANG_ENABLE_OBJC_WEAK = YES;
				CLANG_WARN_BLOCK_CAPTURE_AUTORELEASING = YES;
				CLANG_WARN_BOOL_CONVERSION = YES;
				CLANG_WARN_COMMA = YES;
				CLANG_WARN_CONSTANT_CONVERSION = YES;
				CLANG_WARN_DEPRECATED_OBJC_IMPLEMENTATIONS = YES;
				CLANG_WARN_DIRECT_OBJC_ISA_USAGE = YES_ERROR;
				CLANG_WARN_DOCUMENTATION_COMMENTS = YES;
				CLANG_WARN_EMPTY_BODY = YES;
				CLANG_WARN_ENUM_CONVERSION = YES;
				CLANG_WARN_INFINITE_RECURSION = YES;
				CLANG_WARN_INT_CONVERSION = YES;
				CLANG_WARN_NON_LITERAL_NULL_CONVERSION = YES;
				CLANG_WARN_OBJC_IMPLICIT_RETAIN_SELF = YES;
				CLANG_WARN_OBJC_LITERAL_CONVERSION = YES;
				CLANG_WARN_OBJC_ROOT_CLASS = YES_ERROR;
				CLANG_WARN_QUOTED_INCLUDE_IN_FRAMEWORK_HEADER = YES;
				CLANG_WARN_RANGE_LOOP_ANALYSIS = YES;
				CLANG_WARN_STRICT_PROTOTYPES = YES;
				CLANG_WARN_SUSPICIOUS_MOVE = YES;
				CLANG_WARN_UNGUARDED_AVAILABILITY = YES_AGGRESSIVE;
				CLANG_WARN_UNREACHABLE_CODE = YES;
				CLANG_WARN__DUPLICATE_METHOD_MATCH = YES;
				COPY_PHASE_STRIP = NO;
				DEBUG_INFORMATION_FORMAT = dwarf;
				DEVELOPMENT_TEAM = 3SD28WJ262;
				ENABLE_STRICT_OBJC_MSGSEND = YES;
				ENABLE_TESTABILITY = YES;
				ENABLE_USER_SCRIPT_SANDBOXING = YES;
				GCC_C_LANGUAGE_STANDARD = gnu17;
				GCC_DYNAMIC_NO_PIC = NO;
				GCC_NO_COMMON_BLOCKS = YES;
				GCC_OPTIMIZATION_LEVEL = 0;
				GCC_PREPROCESSOR_DEFINITIONS = (
					"DEBUG=1",
					"$(inherited)",
				);
				GCC_WARN_64_TO_32_BIT_CONVERSION = YES;
				GCC_WARN_ABOUT_RETURN_TYPE = YES_ERROR;
				GCC_WARN_UNDECLARED_SELECTOR = YES;
				GCC_WARN_UNINITIALIZED_AUTOS = YES_AGGRESSIVE;
				GCC_WARN_UNUSED_FUNCTION = YES;
				GCC_WARN_UNUSED_VARIABLE = YES;
				IPHONEOS_DEPLOYMENT_TARGET = 18.5;
				LOCALIZATION_PREFERS_STRING_CATALOGS = YES;
				MTL_ENABLE_DEBUG_INFO = INCLUDE_SOURCE;
				MTL_FAST_MATH = YES;
				ONLY_ACTIVE_ARCH = YES;
				SDKROOT = iphoneos;
				SWIFT_ACTIVE_COMPILATION_CONDITIONS = "DEBUG $(inherited)";
				SWIFT_OPTIMIZATION_LEVEL = "-Onone";
			};
			name = Debug;
		};
		75490A162E2FE0AF003B8805 /* Release */ = {
			isa = XCBuildConfiguration;
			buildSettings = {
				ALWAYS_SEARCH_USER_PATHS = NO;
				ASSETCATALOG_COMPILER_GENERATE_SWIFT_ASSET_SYMBOL_EXTENSIONS = YES;
				CLANG_ANALYZER_NONNULL = YES;
				CLANG_ANALYZER_NUMBER_OBJECT_CONVERSION = YES_AGGRESSIVE;
				CLANG_CXX_LANGUAGE_STANDARD = "gnu++20";
				CLANG_ENABLE_MODULES = YES;
				CLANG_ENABLE_OBJC_ARC = YES;
				CLANG_ENABLE_OBJC_WEAK = YES;
				CLANG_WARN_BLOCK_CAPTURE_AUTORELEASING = YES;
				CLANG_WARN_BOOL_CONVERSION = YES;
				CLANG_WARN_COMMA = YES;
				CLANG_WARN_CONSTANT_CONVERSION = YES;
				CLANG_WARN_DEPRECATED_OBJC_IMPLEMENTATIONS = YES;
				CLANG_WARN_DIRECT_OBJC_ISA_USAGE = YES_ERROR;
				CLANG_WARN_DOCUMENTATION_COMMENTS = YES;
				CLANG_WARN_EMPTY_BODY = YES;
				CLANG_WARN_ENUM_CONVERSION = YES;
				CLANG_WARN_INFINITE_RECURSION = YES;
				CLANG_WARN_INT_CONVERSION = YES;
				CLANG_WARN_NON_LITERAL_NULL_CONVERSION = YES;
				CLANG_WARN_OBJC_IMPLICIT_RETAIN_SELF = YES;
				CLANG_WARN_OBJC_LITERAL_CONVERSION = YES;
				CLANG_WARN_OBJC_ROOT_CLASS = YES_ERROR;
				CLANG_WARN_QUOTED_INCLUDE_IN_FRAMEWORK_HEADER = YES;
				CLANG_WARN_RANGE_LOOP_ANALYSIS = YES;
				CLANG_WARN_STRICT_PROTOTYPES = YES;
				CLANG_WARN_SUSPICIOUS_MOVE = YES;
				CLANG_WARN_UNGUARDED_AVAILABILITY = YES_AGGRESSIVE;
				CLANG_WARN_UNREACHABLE_CODE = YES;
				CLANG_WARN__DUPLICATE_METHOD_MATCH = YES;
				COPY_PHASE_STRIP = NO;
				DEBUG_INFORMATION_FORMAT = "dwarf-with-dsym";
				DEVELOPMENT_TEAM = 3SD28WJ262;
				ENABLE_NS_ASSERTIONS = NO;
				ENABLE_STRICT_OBJC_MSGSEND = YES;
				ENABLE_USER_SCRIPT_SANDBOXING = YES;
				GCC_C_LANGUAGE_STANDARD = gnu17;
				GCC_NO_COMMON_BLOCKS = YES;
				GCC_WARN_64_TO_32_BIT_CONVERSION = YES;
				GCC_WARN_ABOUT_RETURN_TYPE = YES_ERROR;
				GCC_WARN_UNDECLARED_SELECTOR = YES;
				GCC_WARN_UNINITIALIZED_AUTOS = YES_AGGRESSIVE;
				GCC_WARN_UNUSED_FUNCTION = YES;
				GCC_WARN_UNUSED_VARIABLE = YES;
				IPHONEOS_DEPLOYMENT_TARGET = 18.5;
				LOCALIZATION_PREFERS_STRING_CATALOGS = YES;
				MTL_ENABLE_DEBUG_INFO = NO;
				MTL_FAST_MATH = YES;
				SDKROOT = iphoneos;
				SWIFT_COMPILATION_MODE = wholemodule;
				VALIDATE_PRODUCT = YES;
			};
			name = Release;
		};
		75490A182E2FE0AF003B8805 /* Debug */ = {
			isa = XCBuildConfiguration;
			buildSettings = {
				ASSETCATALOG_COMPILER_APPICON_NAME = AppIcon;
				ASSETCATALOG_COMPILER_GLOBAL_ACCENT_COLOR_NAME = AccentColor;
				CODE_SIGN_STYLE = Automatic;
				CURRENT_PROJECT_VERSION = 1;
				DEVELOPMENT_TEAM = 3SD28WJ262;
				ENABLE_PREVIEWS = YES;
				GENERATE_INFOPLIST_FILE = YES;
				INFOPLIST_KEY_UIApplicationSceneManifest_Generation = YES;
				INFOPLIST_KEY_UIApplicationSupportsIndirectInputEvents = YES;
				INFOPLIST_KEY_UILaunchScreen_Generation = YES;
				INFOPLIST_KEY_UISupportedInterfaceOrientations_iPad = "UIInterfaceOrientationPortrait UIInterfaceOrientationPortraitUpsideDown UIInterfaceOrientationLandscapeLeft UIInterfaceOrientationLandscapeRight";
				INFOPLIST_KEY_UISupportedInterfaceOrientations_iPhone = "UIInterfaceOrientationPortrait UIInterfaceOrientationLandscapeLeft UIInterfaceOrientationLandscapeRight";
				LD_RUNPATH_SEARCH_PATHS = (
					"$(inherited)",
					"@executable_path/Frameworks",
				);
				MARKETING_VERSION = 1.0;
				PRODUCT_BUNDLE_IDENTIFIER = com.weiproduct.AIMBTI;
				PRODUCT_NAME = "$(TARGET_NAME)";
				SWIFT_EMIT_LOC_STRINGS = YES;
				SWIFT_VERSION = 5.0;
				TARGETED_DEVICE_FAMILY = "1,2";
			};
			name = Debug;
		};
		75490A192E2FE0AF003B8805 /* Release */ = {
			isa = XCBuildConfiguration;
			buildSettings = {
				ASSETCATALOG_COMPILER_APPICON_NAME = AppIcon;
				ASSETCATALOG_COMPILER_GLOBAL_ACCENT_COLOR_NAME = AccentColor;
				CODE_SIGN_STYLE = Automatic;
				CURRENT_PROJECT_VERSION = 1;
				DEVELOPMENT_TEAM = 3SD28WJ262;
				ENABLE_PREVIEWS = YES;
				GENERATE_INFOPLIST_FILE = YES;
				INFOPLIST_KEY_UIApplicationSceneManifest_Generation = YES;
				INFOPLIST_KEY_UIApplicationSupportsIndirectInputEvents = YES;
				INFOPLIST_KEY_UILaunchScreen_Generation = YES;
				INFOPLIST_KEY_UISupportedInterfaceOrientations_iPad = "UIInterfaceOrientationPortrait UIInterfaceOrientationPortraitUpsideDown UIInterfaceOrientationLandscapeLeft UIInterfaceOrientationLandscapeRight";
				INFOPLIST_KEY_UISupportedInterfaceOrientations_iPhone = "UIInterfaceOrientationPortrait UIInterfaceOrientationLandscapeLeft UIInterfaceOrientationLandscapeRight";
				LD_RUNPATH_SEARCH_PATHS = (
					"$(inherited)",
					"@executable_path/Frameworks",
				);
				MARKETING_VERSION = 1.0;
				PRODUCT_BUNDLE_IDENTIFIER = com.weiproduct.AIMBTI;
				PRODUCT_NAME = "$(TARGET_NAME)";
				SWIFT_EMIT_LOC_STRINGS = YES;
				SWIFT_VERSION = 5.0;
				TARGETED_DEVICE_FAMILY = "1,2";
			};
			name = Release;
		};
		75490A1B2E2FE0AF003B8805 /* Debug */ = {
			isa = XCBuildConfiguration;
			buildSettings = {
				BUNDLE_LOADER = "$(TEST_HOST)";
				CODE_SIGN_STYLE = Automatic;
				CURRENT_PROJECT_VERSION = 1;
				DEVELOPMENT_TEAM = 3SD28WJ262;
				GENERATE_INFOPLIST_FILE = YES;
				IPHONEOS_DEPLOYMENT_TARGET = 18.5;
				MARKETING_VERSION = 1.0;
				PRODUCT_BUNDLE_IDENTIFIER = com.weiproduct.AIMBTITests;
				PRODUCT_NAME = "$(TARGET_NAME)";
				SWIFT_EMIT_LOC_STRINGS = NO;
				SWIFT_VERSION = 5.0;
				TARGETED_DEVICE_FAMILY = "1,2";
				TEST_HOST = "$(BUILT_PRODUCTS_DIR)/AIMBTI.app/$(BUNDLE_EXECUTABLE_FOLDER_PATH)/AIMBTI";
			};
			name = Debug;
		};
		75490A1C2E2FE0AF003B8805 /* Release */ = {
			isa = XCBuildConfiguration;
			buildSettings = {
				BUNDLE_LOADER = "$(TEST_HOST)";
				CODE_SIGN_STYLE = Automatic;
				CURRENT_PROJECT_VERSION = 1;
				DEVELOPMENT_TEAM = 3SD28WJ262;
				GENERATE_INFOPLIST_FILE = YES;
				IPHONEOS_DEPLOYMENT_TARGET = 18.5;
				MARKETING_VERSION = 1.0;
				PRODUCT_BUNDLE_IDENTIFIER = com.weiproduct.AIMBTITests;
				PRODUCT_NAME = "$(TARGET_NAME)";
				SWIFT_EMIT_LOC_STRINGS = NO;
				SWIFT_VERSION = 5.0;
				TARGETED_DEVICE_FAMILY = "1,2";
				TEST_HOST = "$(BUILT_PRODUCTS_DIR)/AIMBTI.app/$(BUNDLE_EXECUTABLE_FOLDER_PATH)/AIMBTI";
			};
			name = Release;
		};
		75490A1E2E2FE0AF003B8805 /* Debug */ = {
			isa = XCBuildConfiguration;
			buildSettings = {
				CODE_SIGN_STYLE = Automatic;
				CURRENT_PROJECT_VERSION = 1;
				DEVELOPMENT_TEAM = 3SD28WJ262;
				GENERATE_INFOPLIST_FILE = YES;
				MARKETING_VERSION = 1.0;
				PRODUCT_BUNDLE_IDENTIFIER = com.weiproduct.AIMBTIUITests;
				PRODUCT_NAME = "$(TARGET_NAME)";
				SWIFT_EMIT_LOC_STRINGS = NO;
				SWIFT_VERSION = 5.0;
				TARGETED_DEVICE_FAMILY = "1,2";
				TEST_TARGET_NAME = AIMBTI;
			};
			name = Debug;
		};
		75490A1F2E2FE0AF003B8805 /* Release */ = {
			isa = XCBuildConfiguration;
			buildSettings = {
				CODE_SIGN_STYLE = Automatic;
				CURRENT_PROJECT_VERSION = 1;
				DEVELOPMENT_TEAM = 3SD28WJ262;
				GENERATE_INFOPLIST_FILE = YES;
				MARKETING_VERSION = 1.0;
				PRODUCT_BUNDLE_IDENTIFIER = com.weiproduct.AIMBTIUITests;
				PRODUCT_NAME = "$(TARGET_NAME)";
				SWIFT_EMIT_LOC_STRINGS = NO;
				SWIFT_VERSION = 5.0;
				TARGETED_DEVICE_FAMILY = "1,2";
				TEST_TARGET_NAME = AIMBTI;
			};
			name = Release;
		};
/* End XCBuildConfiguration section */

/* Begin XCConfigurationList section */
		754909EF2E2FE0AD003B8805 /* Build configuration list for PBXProject "AIMBTI" */ = {
			isa = XCConfigurationList;
			buildConfigurations = (
				75490A152E2FE0AF003B8805 /* Debug */,
				75490A162E2FE0AF003B8805 /* Release */,
			);
			defaultConfigurationIsVisible = 0;
			defaultConfigurationName = Release;
		};
		75490A172E2FE0AF003B8805 /* Build configuration list for PBXNativeTarget "AIMBTI" */ = {
			isa = XCConfigurationList;
			buildConfigurations = (
				75490A182E2FE0AF003B8805 /* Debug */,
				75490A192E2FE0AF003B8805 /* Release */,
			);
			defaultConfigurationIsVisible = 0;
			defaultConfigurationName = Release;
		};
		75490A1A2E2FE0AF003B8805 /* Build configuration list for PBXNativeTarget "AIMBTITests" */ = {
			isa = XCConfigurationList;
			buildConfigurations = (
				75490A1B2E2FE0AF003B8805 /* Debug */,
				75490A1C2E2FE0AF003B8805 /* Release */,
			);
			defaultConfigurationIsVisible = 0;
			defaultConfigurationName = Release;
		};
		75490A1D2E2FE0AF003B8805 /* Build configuration list for PBXNativeTarget "AIMBTIUITests" */ = {
			isa = XCConfigurationList;
			buildConfigurations = (
				75490A1E2E2FE0AF003B8805 /* Debug */,
				75490A1F2E2FE0AF003B8805 /* Release */,
			);
			defaultConfigurationIsVisible = 0;
			defaultConfigurationName = Release;
		};
/* End XCConfigurationList section */
	};
	rootObject = 754909EC2E2FE0AD003B8805 /* Project object */;
}
